Microsoft Visual Studio Solution File, Format Version 12.00
# Visual Studio Version 17
VisualStudioVersion = 17.5.2.0
MinimumVisualStudioVersion = 10.0.40219.1
Project("{FAE04EC0-301F-11D3-BF4B-00C04F79EFBC}") = "SqlServerLinq", "SqlServerLinq.csproj", "{D2993EC6-8848-6A22-832B-A0B32B69E018}"
EndProject
Global
	GlobalSection(SolutionConfigurationPlatforms) = preSolution
		Debug|Any CPU = Debug|Any CPU
		Release|Any CPU = Release|Any CPU
	EndGlobalSection
	GlobalSection(ProjectConfigurationPlatforms) = postSolution
		{D2993EC6-8848-6A22-832B-A0B32B69E018}.Debug|Any CPU.ActiveCfg = Debug|Any CPU
		{D2993EC6-8848-6A22-832B-A0B32B69E018}.Debug|Any CPU.Build.0 = Debug|Any CPU
		{D2993EC6-8848-6A22-832B-A0B32B69E018}.Release|Any CPU.ActiveCfg = Release|Any CPU
		{D2993EC6-8848-6A22-832B-A0B32B69E018}.Release|Any CPU.Build.0 = Release|Any CPU
	EndGlobalSection
	GlobalSection(SolutionProperties) = preSolution
		HideSolutionNode = FALSE
	EndGlobalSection
	GlobalSection(ExtensibilityGlobals) = postSolution
		SolutionGuid = {26AB98E8-D513-47A5-95F7-E1D1E83447D0}
	EndGlobalSection
EndGlobal
