Microsoft Visual Studio Solution File, Format Version 12.00
# Visual Studio Version 17
VisualStudioVersion = 17.5.2.0
MinimumVisualStudioVersion = 10.0.40219.1
Project("{FAE04EC0-301F-11D3-BF4B-00C04F79EFBC}") = "SchoolLinq", "SchoolLinq.csproj", "{50CF2A9D-CDEE-11D3-553B-D6C0A3807C64}"
EndProject
Global
	GlobalSection(SolutionConfigurationPlatforms) = preSolution
		Debug|Any CPU = Debug|Any CPU
		Release|Any CPU = Release|Any CPU
	EndGlobalSection
	GlobalSection(ProjectConfigurationPlatforms) = postSolution
		{50CF2A9D-CDEE-11D3-553B-D6C0A3807C64}.Debug|Any CPU.ActiveCfg = Debug|Any CPU
		{50CF2A9D-CDEE-11D3-553B-D6C0A3807C64}.Debug|Any CPU.Build.0 = Debug|Any CPU
		{50CF2A9D-CDEE-11D3-553B-D6C0A3807C64}.Release|Any CPU.ActiveCfg = Release|Any CPU
		{50CF2A9D-CDEE-11D3-553B-D6C0A3807C64}.Release|Any CPU.Build.0 = Release|Any CPU
	EndGlobalSection
	GlobalSection(SolutionProperties) = preSolution
		HideSolutionNode = FALSE
	EndGlobalSection
	GlobalSection(ExtensibilityGlobals) = postSolution
		SolutionGuid = {01927CBC-7FF5-44F6-8B81-1B738323458A}
	EndGlobalSection
EndGlobal
