Microsoft Visual Studio Solution File, Format Version 12.00
# Visual Studio Version 17
VisualStudioVersion = 17.5.2.0
MinimumVisualStudioVersion = 10.0.40219.1
Project("{2150E333-8FDC-42A3-9474-1A3956D46DE8}") = "src", "src", "{827E0CD3-B72D-47B6-A68D-7590B98EB39B}"
EndProject
Project("{2150E333-8FDC-42A3-9474-1A3956D46DE8}") = "tests", "tests", "{0AB3BF05-4346-4AA6-1389-037BE0695223}"
EndProject
Project("{FAE04EC0-301F-11D3-BF4B-00C04F79EFBC}") = "MyApp.Domain", "src\MyApp.Domain\MyApp.Domain.csproj", "{115F6F84-1337-B5C0-F803-3C3786C411CD}"
EndProject
Project("{FAE04EC0-301F-11D3-BF4B-00C04F79EFBC}") = "MyApp.Tests", "tests\MyApp.Tests\MyApp.Tests.csproj", "{A913CD66-9815-DDF3-A4DD-F0CD0B21751D}"
EndProject
Project("{FAE04EC0-301F-11D3-BF4B-00C04F79EFBC}") = "MyApp.Infrastructure", "src\MyApp.Infrastructure\MyApp.Infrastructure.csproj", "{24D1DA36-F5B5-4183-B850-144B97670D34}"
EndProject
Global
	GlobalSection(SolutionConfigurationPlatforms) = preSolution
		Debug|Any CPU = Debug|Any CPU
		Release|Any CPU = Release|Any CPU
	EndGlobalSection
	GlobalSection(ProjectConfigurationPlatforms) = postSolution
		{115F6F84-1337-B5C0-F803-3C3786C411CD}.Debug|Any CPU.ActiveCfg = Debug|Any CPU
		{115F6F84-1337-B5C0-F803-3C3786C411CD}.Debug|Any CPU.Build.0 = Debug|Any CPU
		{115F6F84-1337-B5C0-F803-3C3786C411CD}.Release|Any CPU.ActiveCfg = Release|Any CPU
		{115F6F84-1337-B5C0-F803-3C3786C411CD}.Release|Any CPU.Build.0 = Release|Any CPU
		{A913CD66-9815-DDF3-A4DD-F0CD0B21751D}.Debug|Any CPU.ActiveCfg = Debug|Any CPU
		{A913CD66-9815-DDF3-A4DD-F0CD0B21751D}.Debug|Any CPU.Build.0 = Debug|Any CPU
		{A913CD66-9815-DDF3-A4DD-F0CD0B21751D}.Release|Any CPU.ActiveCfg = Release|Any CPU
		{A913CD66-9815-DDF3-A4DD-F0CD0B21751D}.Release|Any CPU.Build.0 = Release|Any CPU
		{24D1DA36-F5B5-4183-B850-144B97670D34}.Debug|Any CPU.ActiveCfg = Debug|Any CPU
		{24D1DA36-F5B5-4183-B850-144B97670D34}.Debug|Any CPU.Build.0 = Debug|Any CPU
		{24D1DA36-F5B5-4183-B850-144B97670D34}.Release|Any CPU.ActiveCfg = Release|Any CPU
		{24D1DA36-F5B5-4183-B850-144B97670D34}.Release|Any CPU.Build.0 = Release|Any CPU
	EndGlobalSection
	GlobalSection(SolutionProperties) = preSolution
		HideSolutionNode = FALSE
	EndGlobalSection
	GlobalSection(NestedProjects) = preSolution
		{115F6F84-1337-B5C0-F803-3C3786C411CD} = {827E0CD3-B72D-47B6-A68D-7590B98EB39B}
		{A913CD66-9815-DDF3-A4DD-F0CD0B21751D} = {0AB3BF05-4346-4AA6-1389-037BE0695223}
		{24D1DA36-F5B5-4183-B850-144B97670D34} = {827E0CD3-B72D-47B6-A68D-7590B98EB39B}
	EndGlobalSection
	GlobalSection(ExtensibilityGlobals) = postSolution
		SolutionGuid = {A11103F5-BFFD-45D0-B994-528C83E3886C}
	EndGlobalSection
EndGlobal
