
Microsoft Visual Studio Solution File, Format Version 12.00
# Visual Studio Version 17
VisualStudioVersion = 17.0.31903.59
MinimumVisualStudioVersion = 10.0.40219.1
Project("{FAE04EC0-301F-11D3-BF4B-00C04F79EFBC}") = "APIIntegrationTest.API", "APIIntegrationTest.API\APIIntegrationTest.API.csproj", "{A3D642A3-667E-48DE-ABC1-660585B33075}"
EndProject
Project("{FAE04EC0-301F-11D3-BF4B-00C04F79EFBC}") = "APIIntegrationTest.Test", "APIIntegrationTest.Test\APIIntegrationTest.Test.csproj", "{89042F45-E38D-428C-A613-6F7CAA0D9231}"
EndProject
Global
	GlobalSection(SolutionConfigurationPlatforms) = preSolution
		Debug|Any CPU = Debug|Any CPU
		Release|Any CPU = Release|Any CPU
	EndGlobalSection
	GlobalSection(SolutionProperties) = preSolution
		HideSolutionNode = FALSE
	EndGlobalSection
	GlobalSection(ProjectConfigurationPlatforms) = postSolution
		{A3D642A3-667E-48DE-ABC1-660585B33075}.Debug|Any CPU.ActiveCfg = Debug|Any CPU
		{A3D642A3-667E-48DE-ABC1-660585B33075}.Debug|Any CPU.Build.0 = Debug|Any CPU
		{A3D642A3-667E-48DE-ABC1-660585B33075}.Release|Any CPU.ActiveCfg = Release|Any CPU
		{A3D642A3-667E-48DE-ABC1-660585B33075}.Release|Any CPU.Build.0 = Release|Any CPU
		{89042F45-E38D-428C-A613-6F7CAA0D9231}.Debug|Any CPU.ActiveCfg = Debug|Any CPU
		{89042F45-E38D-428C-A613-6F7CAA0D9231}.Debug|Any CPU.Build.0 = Debug|Any CPU
		{89042F45-E38D-428C-A613-6F7CAA0D9231}.Release|Any CPU.ActiveCfg = Release|Any CPU
		{89042F45-E38D-428C-A613-6F7CAA0D9231}.Release|Any CPU.Build.0 = Release|Any CPU
	EndGlobalSection
EndGlobal
