Microsoft Visual Studio Solution File, Format Version 12.00
# Visual Studio Version 17
VisualStudioVersion = 17.5.2.0
MinimumVisualStudioVersion = 10.0.40219.1
Project("{FAE04EC0-301F-11D3-BF4B-00C04F79EFBC}") = "DataStructuresAlgorithms", "DataStructuresAlgorithms.csproj", "{140F89A4-F9C8-BCD2-0D23-BDDA98A0CF3E}"
EndProject
Global
	GlobalSection(SolutionConfigurationPlatforms) = preSolution
		Debug|Any CPU = Debug|Any CPU
		Release|Any CPU = Release|Any CPU
	EndGlobalSection
	GlobalSection(ProjectConfigurationPlatforms) = postSolution
		{140F89A4-F9C8-BCD2-0D23-BDDA98A0CF3E}.Debug|Any CPU.ActiveCfg = Debug|Any CPU
		{140F89A4-F9C8-BCD2-0D23-BDDA98A0CF3E}.Debug|Any CPU.Build.0 = Debug|Any CPU
		{140F89A4-F9C8-BCD2-0D23-BDDA98A0CF3E}.Release|Any CPU.ActiveCfg = Release|Any CPU
		{140F89A4-F9C8-BCD2-0D23-BDDA98A0CF3E}.Release|Any CPU.Build.0 = Release|Any CPU
	EndGlobalSection
	GlobalSection(SolutionProperties) = preSolution
		HideSolutionNode = FALSE
	EndGlobalSection
	GlobalSection(ExtensibilityGlobals) = postSolution
		SolutionGuid = {C02BAF6E-5E8F-497B-9555-8239BBB4F975}
	EndGlobalSection
EndGlobal
