Microsoft Visual Studio Solution File, Format Version 12.00
# Visual Studio Version 17
VisualStudioVersion = 17.5.2.0
MinimumVisualStudioVersion = 10.0.40219.1
Project("{FAE04EC0-301F-11D3-BF4B-00C04F79EFBC}") = "LINQDemoApp", "LINQDemoApp.csproj", "{3BA01B97-F793-7174-4F02-C32B4F128182}"
EndProject
Global
	GlobalSection(SolutionConfigurationPlatforms) = preSolution
		Debug|Any CPU = Debug|Any CPU
		Release|Any CPU = Release|Any CPU
	EndGlobalSection
	GlobalSection(ProjectConfigurationPlatforms) = postSolution
		{3BA01B97-F793-7174-4F02-C32B4F128182}.Debug|Any CPU.ActiveCfg = Debug|Any CPU
		{3BA01B97-F793-7174-4F02-C32B4F128182}.Debug|Any CPU.Build.0 = Debug|Any CPU
		{3BA01B97-F793-7174-4F02-C32B4F128182}.Release|Any CPU.ActiveCfg = Release|Any CPU
		{3BA01B97-F793-7174-4F02-C32B4F128182}.Release|Any CPU.Build.0 = Release|Any CPU
	EndGlobalSection
	GlobalSection(SolutionProperties) = preSolution
		HideSolutionNode = FALSE
	EndGlobalSection
	GlobalSection(ExtensibilityGlobals) = postSolution
		SolutionGuid = {956DD2DC-B752-4DDF-981B-FF5B88F08A1F}
	EndGlobalSection
EndGlobal
