
Microsoft Visual Studio Solution File, Format Version 12.00
# Visual Studio Version 17
VisualStudioVersion = 17.0.31903.59
MinimumVisualStudioVersion = 10.0.40219.1
Project("{FAE04EC0-301F-11D3-BF4B-00C04F79EFBC}") = "IntegrationProductsTest.API", "IntegrationProductsTest.API\IntegrationProductsTest.API.csproj", "{B4008D81-FABA-4721-A30C-AFDA0B90DFF3}"
EndProject
Project("{FAE04EC0-301F-11D3-BF4B-00C04F79EFBC}") = "IntegrationProductsTest.Test", "IntegrationProductsTest.Test\IntegrationProductsTest.Test.csproj", "{6507AAEF-F403-4025-81C8-D0A17711F722}"
EndProject
Global
	GlobalSection(SolutionConfigurationPlatforms) = preSolution
		Debug|Any CPU = Debug|Any CPU
		Release|Any CPU = Release|Any CPU
	EndGlobalSection
	GlobalSection(SolutionProperties) = preSolution
		HideSolutionNode = FALSE
	EndGlobalSection
	GlobalSection(ProjectConfigurationPlatforms) = postSolution
		{B4008D81-FABA-4721-A30C-AFDA0B90DFF3}.Debug|Any CPU.ActiveCfg = Debug|Any CPU
		{B4008D81-FABA-4721-A30C-AFDA0B90DFF3}.Debug|Any CPU.Build.0 = Debug|Any CPU
		{B4008D81-FABA-4721-A30C-AFDA0B90DFF3}.Release|Any CPU.ActiveCfg = Release|Any CPU
		{B4008D81-FABA-4721-A30C-AFDA0B90DFF3}.Release|Any CPU.Build.0 = Release|Any CPU
		{6507AAEF-F403-4025-81C8-D0A17711F722}.Debug|Any CPU.ActiveCfg = Debug|Any CPU
		{6507AAEF-F403-4025-81C8-D0A17711F722}.Debug|Any CPU.Build.0 = Debug|Any CPU
		{6507AAEF-F403-4025-81C8-D0A17711F722}.Release|Any CPU.ActiveCfg = Release|Any CPU
		{6507AAEF-F403-4025-81C8-D0A17711F722}.Release|Any CPU.Build.0 = Release|Any CPU
	EndGlobalSection
EndGlobal
