Microsoft Visual Studio Solution File, Format Version 12.00
# Visual Studio Version 17
VisualStudioVersion = 17.5.2.0
MinimumVisualStudioVersion = 10.0.40219.1
Project("{FAE04EC0-301F-11D3-BF4B-00C04F79EFBC}") = "UsingAndDisposable", "UsingAndDisposable.csproj", "{08281ACD-78B7-727A-EC46-A08196D81793}"
EndProject
Global
	GlobalSection(SolutionConfigurationPlatforms) = preSolution
		Debug|Any CPU = Debug|Any CPU
		Release|Any CPU = Release|Any CPU
	EndGlobalSection
	GlobalSection(ProjectConfigurationPlatforms) = postSolution
		{08281ACD-78B7-727A-EC46-A08196D81793}.Debug|Any CPU.ActiveCfg = Debug|Any CPU
		{08281ACD-78B7-727A-EC46-A08196D81793}.Debug|Any CPU.Build.0 = Debug|Any CPU
		{08281ACD-78B7-727A-EC46-A08196D81793}.Release|Any CPU.ActiveCfg = Release|Any CPU
		{08281ACD-78B7-727A-EC46-A08196D81793}.Release|Any CPU.Build.0 = Release|Any CPU
	EndGlobalSection
	GlobalSection(SolutionProperties) = preSolution
		HideSolutionNode = FALSE
	EndGlobalSection
	GlobalSection(ExtensibilityGlobals) = postSolution
		SolutionGuid = {BA301CEB-CE94-49DD-AE2D-50C84BA93AF0}
	EndGlobalSection
EndGlobal
